
Microsoft Visual Studio Solution File, Format Version 12.00
# Visual Studio Version 17
VisualStudioVersion = 17.14.36603.0 d17.14
MinimumVisualStudioVersion = 10.0.40219.1
Project("{FAE04EC0-301F-11D3-BF4B-00C04F79EFBC}") = "KBR", "KBR\KBR.csproj", "{0D506110-5951-4E18-884F-F79849606B6C}"
EndProject
Global
	GlobalSection(SolutionConfigurationPlatforms) = preSolution
		Debug|Any CPU = Debug|Any CPU
		Release|Any CPU = Release|Any CPU
	EndGlobalSection
	GlobalSection(ProjectConfigurationPlatforms) = postSolution
		{0D506110-5951-4E18-884F-F79849606B6C}.Debug|Any CPU.ActiveCfg = Debug|Any CPU
		{0D506110-5951-4E18-884F-F79849606B6C}.Debug|Any CPU.Build.0 = Debug|Any CPU
		{0D506110-5951-4E18-884F-F79849606B6C}.Release|Any CPU.ActiveCfg = Release|Any CPU
		{0D506110-5951-4E18-884F-F79849606B6C}.Release|Any CPU.Build.0 = Release|Any CPU
	EndGlobalSection
	GlobalSection(SolutionProperties) = preSolution
		HideSolutionNode = FALSE
	EndGlobalSection
	GlobalSection(ExtensibilityGlobals) = postSolution
		SolutionGuid = {D321B032-3B67-48DE-BBF8-4E5D8AA0E065}
	EndGlobalSection
EndGlobal
